
Microsoft Visual Studio Solution File, Format Version 12.00
# Visual Studio Version 17
VisualStudioVersion = 17.11.35431.28
MinimumVisualStudioVersion = 10.0.40219.1
Project("{FAE04EC0-301F-11D3-BF4B-00C04F79EFBC}") = "WebsiteBanHangQuanAoNam", "WebsiteBanHangQuanAoNam\WebsiteBanHangQuanAoNam.csproj", "{C8BFB018-43A4-459B-BBDE-634406A43BC7}"
EndProject
Global
	GlobalSection(SolutionConfigurationPlatforms) = preSolution
		Debug|Any CPU = Debug|Any CPU
		Release|Any CPU = Release|Any CPU
	EndGlobalSection
	GlobalSection(ProjectConfigurationPlatforms) = postSolution
		{C8BFB018-43A4-459B-BBDE-634406A43BC7}.Debug|Any CPU.ActiveCfg = Debug|Any CPU
		{C8BFB018-43A4-459B-BBDE-634406A43BC7}.Debug|Any CPU.Build.0 = Debug|Any CPU
		{C8BFB018-43A4-459B-BBDE-634406A43BC7}.Release|Any CPU.ActiveCfg = Release|Any CPU
		{C8BFB018-43A4-459B-BBDE-634406A43BC7}.Release|Any CPU.Build.0 = Release|Any CPU
	EndGlobalSection
	GlobalSection(SolutionProperties) = preSolution
		HideSolutionNode = FALSE
	EndGlobalSection
	GlobalSection(ExtensibilityGlobals) = postSolution
		SolutionGuid = {E6533A43-8A75-4DC0-B7D1-729D2C94F41E}
	EndGlobalSection
EndGlobal
